lockfileVersion: '9.0'

settings:
  autoInstallPeers: true
  excludeLinksFromLockfile: false

importers:

  .:
    dependencies:
      jose:
        specifier: ^5.9.3
        version: 5.9.3

packages:

  jose@5.9.3:
    resolution: {integrity: sha512-egLIoYSpcd+QUF+UHgobt5YzI2Pkw/H39ou9suW687MY6PmCwPmkNV/4TNjn1p2tX5xO3j0d0sq5hiYE24bSlg==}

snapshots:

  jose@5.9.3: {}
